// !$*UTF8*$!
{
	archiveVersion = 1;
	classes = {
	};
	objectVersion = 56;
	objects = {

/* Begin PBXBuildFile section */
		A4E621652C4123EA00D90CD5 /* OtteratorApp.swift in Sources */ = {isa = PBXBuildFile; fileRef = A4E621642C4123EA00D90CD5 /* OtteratorApp.swift */; };
		A4E621672C4123EA00D90CD5 /* ContentView.swift in Sources */ = {isa = PBXBuildFile; fileRef = A4E621662C4123EA00D90CD5 /* ContentView.swift */; };
		A4E621692C4123EA00D90CD5 /* Item.swift in Sources */ = {isa = PBXBuildFile; fileRef = A4E621682C4123EA00D90CD5 /* Item.swift */; };
		A4E6216B2C4123EC00D90CD5 /* Assets.xcassets in Resources */ = {isa = PBXBuildFile; fileRef = A4E6216A2C4123EC00D90CD5 /* Assets.xcassets */; };
		A4E6216E2C4123EC00D90CD5 /* Preview Assets.xcassets in Resources */ = {isa = PBXBuildFile; fileRef = A4E6216D2C4123EC00D90CD5 /* Preview Assets.xcassets */; };
		A4E621782C4123EC00D90CD5 /* OtteratorTests.swift in Sources */ = {isa = PBXBuildFile; fileRef = A4E621772C4123EC00D90CD5 /* OtteratorTests.swift */; };
		A4E621822C4123EC00D90CD5 /* OtteratorUITests.swift in Sources */ = {isa = PBXBuildFile; fileRef = A4E621812C4123EC00D90CD5 /* OtteratorUITests.swift */; };
		A4E621842C4123EC00D90CD5 /* OtteratorUITestsLaunchTests.swift in Sources */ = {isa = PBXBuildFile; fileRef = A4E621832C4123EC00D90CD5 /* OtteratorUITestsLaunchTests.swift */; };
		A4F1EC2F2C41386800A633CA /* TranscriptView.swift in Sources */ = {isa = PBXBuildFile; fileRef = A4F1EC2E2C41386800A633CA /* TranscriptView.swift */; };
		A4F1EC322C42289700A633CA /* CustomProgressView.swift in Sources */ = {isa = PBXBuildFile; fileRef = A4F1EC312C42289700A633CA /* CustomProgressView.swift */; };
		A4F1EC342C422F9E00A633CA /* CustomTranscript.swift in Sources */ = {isa = PBXBuildFile; fileRef = A4F1EC332C422F9E00A633CA /* CustomTranscript.swift */; };
		A4F1EC4A2C4249DF00A633CA /* PlaypenSans-VariableFont_wght.ttf in Resources */ = {isa = PBXBuildFile; fileRef = A4F1EC492C4249DF00A633CA /* PlaypenSans-VariableFont_wght.ttf */; };
		A4F1EC4D2C42519600A633CA /* Color.swift in Sources */ = {isa = PBXBuildFile; fileRef = A4F1EC4C2C42519600A633CA /* Color.swift */; };
		A4F1EC4F2C42739600A633CA /* InformationModalView.swift in Sources */ = {isa = PBXBuildFile; fileRef = A4F1EC4E2C42739600A633CA /* InformationModalView.swift */; };
		A4F1EC512C42AC9D00A633CA /* TranscriptContentView.swift in Sources */ = {isa = PBXBuildFile; fileRef = A4F1EC502C42AC9D00A633CA /* TranscriptContentView.swift */; };
		A4F1EC532C45215800A633CA /* hello.m4a in Resources */ = {isa = PBXBuildFile; fileRef = A4F1EC522C45215800A633CA /* hello.m4a */; };
		A4F1EC562C452D6C00A633CA /* TranscriptViewModel.swift in Sources */ = {isa = PBXBuildFile; fileRef = A4F1EC552C452D6C00A633CA /* TranscriptViewModel.swift */; };
		A4F1EC582C4667B800A633CA /* GradientText.swift in Sources */ = {isa = PBXBuildFile; fileRef = A4F1EC572C4667B800A633CA /* GradientText.swift */; };
		A4F1EC5C2C48EFC600A633CA /* EditContentView.swift in Sources */ = {isa = PBXBuildFile; fileRef = A4F1EC5B2C48EFC600A633CA /* EditContentView.swift */; };
		A4F1EC5E2C48FA3900A633CA /* EditModalView.swift in Sources */ = {isa = PBXBuildFile; fileRef = A4F1EC5D2C48FA3900A633CA /* EditModalView.swift */; };
		A4F1EC622C491CE000A633CA /* CircleButtonBackground.swift in Sources */ = {isa = PBXBuildFile; fileRef = A4F1EC5F2C491CE000A633CA /* CircleButtonBackground.swift */; };
		A4F1EC632C491CE000A633CA /* CardBackground.swift in Sources */ = {isa = PBXBuildFile; fileRef = A4F1EC602C491CE000A633CA /* CardBackground.swift */; };
		A4F1EC642C491CE000A633CA /* SummaryCard.swift in Sources */ = {isa = PBXBuildFile; fileRef = A4F1EC612C491CE000A633CA /* SummaryCard.swift */; };
		A4F1EC662C491D1700A633CA /* SummaryView.swift in Sources */ = {isa = PBXBuildFile; fileRef = A4F1EC652C491D1700A633CA /* SummaryView.swift */; };
		C8416D122C50B3470003CCC7 /* CustomSegmentedControl.swift in Sources */ = {isa = PBXBuildFile; fileRef = C8416D112C50B3470003CCC7 /* CustomSegmentedControl.swift */; };
		C8416D142C522C410003CCC7 /* ChoiceView.swift in Sources */ = {isa = PBXBuildFile; fileRef = C8416D132C522C410003CCC7 /* ChoiceView.swift */; };
		C8F33CDF2C492063003F6C3B /* PlaypenSansFont.swift in Sources */ = {isa = PBXBuildFile; fileRef = C8F33CDE2C492063003F6C3B /* PlaypenSansFont.swift */; };
		C8F33CE12C492188003F6C3B /* TipsAndTricks.swift in Sources */ = {isa = PBXBuildFile; fileRef = C8F33CE02C492188003F6C3B /* TipsAndTricks.swift */; };
		EE4209D72C47B9110087E6E7 /* CustomLMData.bin in Resources */ = {isa = PBXBuildFile; fileRef = EE4209D42C47B8F70087E6E7 /* CustomLMData.bin */; };
		EE47A1882C49228C0042D10D /* AudioRecorder+SaveData.swift in Sources */ = {isa = PBXBuildFile; fileRef = EE47A1872C49228C0042D10D /* AudioRecorder+SaveData.swift */; };
		EE47A18A2C4922B40042D10D /* AudioRecorder.swift in Sources */ = {isa = PBXBuildFile; fileRef = EE47A1892C4922B40042D10D /* AudioRecorder.swift */; };
		EEA3EDB52C468FCF008EE13D /* SwiftUIView.swift in Sources */ = {isa = PBXBuildFile; fileRef = EEA3EDB42C468FCF008EE13D /* SwiftUIView.swift */; };
		EEB8D10D2C412CD00025FAE6 /* WordTranscript.swift in Sources */ = {isa = PBXBuildFile; fileRef = EEB8D10C2C412CD00025FAE6 /* WordTranscript.swift */; };
		EEB8D1112C4136A10025FAE6 /* Record.swift in Sources */ = {isa = PBXBuildFile; fileRef = EEB8D1102C4136A10025FAE6 /* Record.swift */; };
		EEB8D1132C4138010025FAE6 /* RecordingView.swift in Sources */ = {isa = PBXBuildFile; fileRef = EEB8D1122C4138010025FAE6 /* RecordingView.swift */; };
		EEB8D1152C42816B0025FAE6 /* RecordModal.swift in Sources */ = {isa = PBXBuildFile; fileRef = EEB8D1142C42816B0025FAE6 /* RecordModal.swift */; };
/* End PBXBuildFile section */

/* Begin PBXContainerItemProxy section */
		A4E621742C4123EC00D90CD5 /* PBXContainerItemProxy */ = {
			isa = PBXContainerItemProxy;
			containerPortal = A4E621592C4123EA00D90CD5 /* Project object */;
			proxyType = 1;
			remoteGlobalIDString = A4E621602C4123EA00D90CD5;
			remoteInfo = Otterator;
		};
		A4E6217E2C4123EC00D90CD5 /* PBXContainerItemProxy */ = {
			isa = PBXContainerItemProxy;
			containerPortal = A4E621592C4123EA00D90CD5 /* Project object */;
			proxyType = 1;
			remoteGlobalIDString = A4E621602C4123EA00D90CD5;
			remoteInfo = Otterator;
		};
/* End PBXContainerItemProxy section */

/* Begin PBXFileReference section */
		A4E621612C4123EA00D90CD5 /* Otterator.app */ = {isa = PBXFileReference; explicitFileType = wrapper.application; includeInIndex = 0; path = Otterator.app; sourceTree = BUILT_PRODUCTS_DIR; };
		A4E621642C4123EA00D90CD5 /* OtteratorApp.swift */ = {isa = PBXFileReference; lastKnownFileType = sourcecode.swift; path = OtteratorApp.swift; sourceTree = "<group>"; };
		A4E621662C4123EA00D90CD5 /* ContentView.swift */ = {isa = PBXFileReference; lastKnownFileType = sourcecode.swift; path = ContentView.swift; sourceTree = "<group>"; };
		A4E621682C4123EA00D90CD5 /* Item.swift */ = {isa = PBXFileReference; lastKnownFileType = sourcecode.swift; path = Item.swift; sourceTree = "<group>"; };
		A4E6216A2C4123EC00D90CD5 /* Assets.xcassets */ = {isa = PBXFileReference; lastKnownFileType = folder.assetcatalog; path = Assets.xcassets; sourceTree = "<group>"; };
		A4E6216D2C4123EC00D90CD5 /* Preview Assets.xcassets */ = {isa = PBXFileReference; lastKnownFileType = folder.assetcatalog; path = "Preview Assets.xcassets"; sourceTree = "<group>"; };
		A4E621732C4123EC00D90CD5 /* OtteratorTests.xctest */ = {isa = PBXFileReference; explicitFileType = wrapper.cfbundle; includeInIndex = 0; path = OtteratorTests.xctest; sourceTree = BUILT_PRODUCTS_DIR; };
		A4E621772C4123EC00D90CD5 /* OtteratorTests.swift */ = {isa = PBXFileReference; lastKnownFileType = sourcecode.swift; path = OtteratorTests.swift; sourceTree = "<group>"; };
		A4E6217D2C4123EC00D90CD5 /* OtteratorUITests.xctest */ = {isa = PBXFileReference; explicitFileType = wrapper.cfbundle; includeInIndex = 0; path = OtteratorUITests.xctest; sourceTree = BUILT_PRODUCTS_DIR; };
		A4E621812C4123EC00D90CD5 /* OtteratorUITests.swift */ = {isa = PBXFileReference; lastKnownFileType = sourcecode.swift; path = OtteratorUITests.swift; sourceTree = "<group>"; };
		A4E621832C4123EC00D90CD5 /* OtteratorUITestsLaunchTests.swift */ = {isa = PBXFileReference; lastKnownFileType = sourcecode.swift; path = OtteratorUITestsLaunchTests.swift; sourceTree = "<group>"; };
		A4F1EC2E2C41386800A633CA /* TranscriptView.swift */ = {isa = PBXFileReference; lastKnownFileType = sourcecode.swift; path = TranscriptView.swift; sourceTree = "<group>"; };
		A4F1EC312C42289700A633CA /* CustomProgressView.swift */ = {isa = PBXFileReference; lastKnownFileType = sourcecode.swift; path = CustomProgressView.swift; sourceTree = "<group>"; };
		A4F1EC332C422F9E00A633CA /* CustomTranscript.swift */ = {isa = PBXFileReference; lastKnownFileType = sourcecode.swift; path = CustomTranscript.swift; sourceTree = "<group>"; };
		A4F1EC482C42491600A633CA /* Info.plist */ = {isa = PBXFileReference; lastKnownFileType = text.plist; path = Info.plist; sourceTree = "<group>"; };
		A4F1EC492C4249DF00A633CA /* PlaypenSans-VariableFont_wght.ttf */ = {isa = PBXFileReference; lastKnownFileType = file; path = "PlaypenSans-VariableFont_wght.ttf"; sourceTree = "<group>"; };
		A4F1EC4C2C42519600A633CA /* Color.swift */ = {isa = PBXFileReference; lastKnownFileType = sourcecode.swift; path = Color.swift; sourceTree = "<group>"; };
		A4F1EC4E2C42739600A633CA /* InformationModalView.swift */ = {isa = PBXFileReference; lastKnownFileType = sourcecode.swift; path = InformationModalView.swift; sourceTree = "<group>"; };
		A4F1EC502C42AC9D00A633CA /* TranscriptContentView.swift */ = {isa = PBXFileReference; lastKnownFileType = sourcecode.swift; path = TranscriptContentView.swift; sourceTree = "<group>"; };
		A4F1EC522C45215800A633CA /* hello.m4a */ = {isa = PBXFileReference; lastKnownFileType = file; path = hello.m4a; sourceTree = "<group>"; };
		A4F1EC552C452D6C00A633CA /* TranscriptViewModel.swift */ = {isa = PBXFileReference; lastKnownFileType = sourcecode.swift; path = TranscriptViewModel.swift; sourceTree = "<group>"; };
		A4F1EC572C4667B800A633CA /* GradientText.swift */ = {isa = PBXFileReference; lastKnownFileType = sourcecode.swift; path = GradientText.swift; sourceTree = "<group>"; };
		A4F1EC5B2C48EFC600A633CA /* EditContentView.swift */ = {isa = PBXFileReference; lastKnownFileType = sourcecode.swift; path = EditContentView.swift; sourceTree = "<group>"; };
		A4F1EC5D2C48FA3900A633CA /* EditModalView.swift */ = {isa = PBXFileReference; lastKnownFileType = sourcecode.swift; path = EditModalView.swift; sourceTree = "<group>"; };
		A4F1EC5F2C491CE000A633CA /* CircleButtonBackground.swift */ = {isa = PBXFileReference; fileEncoding = 4; lastKnownFileType = sourcecode.swift; path = CircleButtonBackground.swift; sourceTree = "<group>"; };
		A4F1EC602C491CE000A633CA /* CardBackground.swift */ = {isa = PBXFileReference; fileEncoding = 4; lastKnownFileType = sourcecode.swift; path = CardBackground.swift; sourceTree = "<group>"; };
		A4F1EC612C491CE000A633CA /* SummaryCard.swift */ = {isa = PBXFileReference; fileEncoding = 4; lastKnownFileType = sourcecode.swift; path = SummaryCard.swift; sourceTree = "<group>"; };
		A4F1EC652C491D1700A633CA /* SummaryView.swift */ = {isa = PBXFileReference; fileEncoding = 4; lastKnownFileType = sourcecode.swift; path = SummaryView.swift; sourceTree = "<group>"; };
		C8416D112C50B3470003CCC7 /* CustomSegmentedControl.swift */ = {isa = PBXFileReference; lastKnownFileType = sourcecode.swift; path = CustomSegmentedControl.swift; sourceTree = "<group>"; };
		C8416D132C522C410003CCC7 /* ChoiceView.swift */ = {isa = PBXFileReference; lastKnownFileType = sourcecode.swift; path = ChoiceView.swift; sourceTree = "<group>"; };
		C8F33CDE2C492063003F6C3B /* PlaypenSansFont.swift */ = {isa = PBXFileReference; lastKnownFileType = sourcecode.swift; path = PlaypenSansFont.swift; sourceTree = "<group>"; };
		C8F33CE02C492188003F6C3B /* TipsAndTricks.swift */ = {isa = PBXFileReference; lastKnownFileType = sourcecode.swift; name = TipsAndTricks.swift; path = ../View/Component/TipsAndTricks.swift; sourceTree = "<group>"; };
		EE4209D42C47B8F70087E6E7 /* CustomLMData.bin */ = {isa = PBXFileReference; lastKnownFileType = archive.macbinary; path = CustomLMData.bin; sourceTree = "<group>"; };
		EE47A1872C49228C0042D10D /* AudioRecorder+SaveData.swift */ = {isa = PBXFileReference; fileEncoding = 4; lastKnownFileType = sourcecode.swift; path = "AudioRecorder+SaveData.swift"; sourceTree = "<group>"; };
		EE47A1892C4922B40042D10D /* AudioRecorder.swift */ = {isa = PBXFileReference; fileEncoding = 4; lastKnownFileType = sourcecode.swift; path = AudioRecorder.swift; sourceTree = "<group>"; };
		EEA3EDB42C468FCF008EE13D /* SwiftUIView.swift */ = {isa = PBXFileReference; lastKnownFileType = sourcecode.swift; path = SwiftUIView.swift; sourceTree = "<group>"; };
		EEB8D10C2C412CD00025FAE6 /* WordTranscript.swift */ = {isa = PBXFileReference; lastKnownFileType = sourcecode.swift; path = WordTranscript.swift; sourceTree = "<group>"; };
		EEB8D1102C4136A10025FAE6 /* Record.swift */ = {isa = PBXFileReference; lastKnownFileType = sourcecode.swift; path = Record.swift; sourceTree = "<group>"; };
		EEB8D1122C4138010025FAE6 /* RecordingView.swift */ = {isa = PBXFileReference; lastKnownFileType = sourcecode.swift; path = RecordingView.swift; sourceTree = "<group>"; };
		EEB8D1142C42816B0025FAE6 /* RecordModal.swift */ = {isa = PBXFileReference; lastKnownFileType = sourcecode.swift; path = RecordModal.swift; sourceTree = "<group>"; };
/* End PBXFileReference section */

/* Begin PBXFrameworksBuildPhase section */
		A4E6215E2C4123EA00D90CD5 /* Frameworks */ = {
			isa = PBXFrameworksBuildPhase;
			buildActionMask = 2147483647;
			files = (
			);
			runOnlyForDeploymentPostprocessing = 0;
		};
		A4E621702C4123EC00D90CD5 /* Frameworks */ = {
			isa = PBXFrameworksBuildPhase;
			buildActionMask = 2147483647;
			files = (
			);
			runOnlyForDeploymentPostprocessing = 0;
		};
		A4E6217A2C4123EC00D90CD5 /* Frameworks */ = {
			isa = PBXFrameworksBuildPhase;
			buildActionMask = 2147483647;
			files = (
			);
			runOnlyForDeploymentPostprocessing = 0;
		};
/* End PBXFrameworksBuildPhase section */

/* Begin PBXGroup section */
		A4E621582C4123EA00D90CD5 = {
			isa = PBXGroup;
			children = (
				A4E621632C4123EA00D90CD5 /* Otterator */,
				A4E621762C4123EC00D90CD5 /* OtteratorTests */,
				A4E621802C4123EC00D90CD5 /* OtteratorUITests */,
				A4E621622C4123EA00D90CD5 /* Products */,
			);
			sourceTree = "<group>";
		};
		A4E621622C4123EA00D90CD5 /* Products */ = {
			isa = PBXGroup;
			children = (
				A4E621612C4123EA00D90CD5 /* Otterator.app */,
				A4E621732C4123EC00D90CD5 /* OtteratorTests.xctest */,
				A4E6217D2C4123EC00D90CD5 /* OtteratorUITests.xctest */,
			);
			name = Products;
			sourceTree = "<group>";
		};
		A4E621632C4123EA00D90CD5 /* Otterator */ = {
			isa = PBXGroup;
			children = (
				EE4209D42C47B8F70087E6E7 /* CustomLMData.bin */,
				A4F1EC522C45215800A633CA /* hello.m4a */,
				A4F1EC4B2C42518900A633CA /* Extension */,
				A4F1EC482C42491600A633CA /* Info.plist */,
				A4F1EC352C4247E700A633CA /* Font */,
				A4E621912C41248600D90CD5 /* View */,
				A4E621902C41247000D90CD5 /* Model */,
				A4E621642C4123EA00D90CD5 /* OtteratorApp.swift */,
				A4F1EC542C452CD300A633CA /* ViewModel */,
				A4E6216A2C4123EC00D90CD5 /* Assets.xcassets */,
				A4E6216C2C4123EC00D90CD5 /* Preview Content */,
			);
			path = Otterator;
			sourceTree = "<group>";
		};
		A4E6216C2C4123EC00D90CD5 /* Preview Content */ = {
			isa = PBXGroup;
			children = (
				A4E6216D2C4123EC00D90CD5 /* Preview Assets.xcassets */,
			);
			path = "Preview Content";
			sourceTree = "<group>";
		};
		A4E621762C4123EC00D90CD5 /* OtteratorTests */ = {
			isa = PBXGroup;
			children = (
				A4E621772C4123EC00D90CD5 /* OtteratorTests.swift */,
			);
			path = OtteratorTests;
			sourceTree = "<group>";
		};
		A4E621802C4123EC00D90CD5 /* OtteratorUITests */ = {
			isa = PBXGroup;
			children = (
				A4E621812C4123EC00D90CD5 /* OtteratorUITests.swift */,
				A4E621832C4123EC00D90CD5 /* OtteratorUITestsLaunchTests.swift */,
			);
			path = OtteratorUITests;
			sourceTree = "<group>";
		};
		A4E621902C41247000D90CD5 /* Model */ = {
			isa = PBXGroup;
			children = (
				C8F33CE02C492188003F6C3B /* TipsAndTricks.swift */,
				A4E621682C4123EA00D90CD5 /* Item.swift */,
				EEB8D10C2C412CD00025FAE6 /* WordTranscript.swift */,
				EEB8D1102C4136A10025FAE6 /* Record.swift */,
			);
			path = Model;
			sourceTree = "<group>";
		};
		A4E621912C41248600D90CD5 /* View */ = {
			isa = PBXGroup;
			children = (
				A4F1EC302C413BC900A633CA /* Component */,
				A4E621662C4123EA00D90CD5 /* ContentView.swift */,
				EEB8D1122C4138010025FAE6 /* RecordingView.swift */,
				EEB8D1142C42816B0025FAE6 /* RecordModal.swift */,
				EEA3EDB42C468FCF008EE13D /* SwiftUIView.swift */,
				A4F1EC5D2C48FA3900A633CA /* EditModalView.swift */,
				A4F1EC4E2C42739600A633CA /* InformationModalView.swift */,
				A4F1EC652C491D1700A633CA /* SummaryView.swift */,
				A4F1EC2E2C41386800A633CA /* TranscriptView.swift */,
				C8416D132C522C410003CCC7 /* ChoiceView.swift */,
			);
			path = View;
			sourceTree = "<group>";
		};
		A4F1EC302C413BC900A633CA /* Component */ = {
			isa = PBXGroup;
			children = (
				A4F1EC602C491CE000A633CA /* CardBackground.swift */,
				A4F1EC5F2C491CE000A633CA /* CircleButtonBackground.swift */,
				A4F1EC312C42289700A633CA /* CustomProgressView.swift */,
				A4F1EC332C422F9E00A633CA /* CustomTranscript.swift */,
				A4F1EC572C4667B800A633CA /* GradientText.swift */,
				A4F1EC5B2C48EFC600A633CA /* EditContentView.swift */,
				A4F1EC612C491CE000A633CA /* SummaryCard.swift */,
				A4F1EC502C42AC9D00A633CA /* TranscriptContentView.swift */,
				C8416D112C50B3470003CCC7 /* CustomSegmentedControl.swift */,
			);
			path = Component;
			sourceTree = "<group>";
		};
		A4F1EC352C4247E700A633CA /* Font */ = {
			isa = PBXGroup;
			children = (
				A4F1EC492C4249DF00A633CA /* PlaypenSans-VariableFont_wght.ttf */,
			);
			path = Font;
			sourceTree = "<group>";
		};
		A4F1EC4B2C42518900A633CA /* Extension */ = {
			isa = PBXGroup;
			children = (
				A4F1EC4C2C42519600A633CA /* Color.swift */,
				C8F33CDE2C492063003F6C3B /* PlaypenSansFont.swift */,
			);
			path = Extension;
			sourceTree = "<group>";
		};
		A4F1EC542C452CD300A633CA /* ViewModel */ = {
			isa = PBXGroup;
			children = (
				EE47A1892C4922B40042D10D /* AudioRecorder.swift */,
				EE47A1872C49228C0042D10D /* AudioRecorder+SaveData.swift */,
				A4F1EC552C452D6C00A633CA /* TranscriptViewModel.swift */,
			);
			path = ViewModel;
			sourceTree = "<group>";
		};
/* End PBXGroup section */

/* Begin PBXNativeTarget section */
		A4E621602C4123EA00D90CD5 /* Otterator */ = {
			isa = PBXNativeTarget;
			buildConfigurationList = A4E621872C4123EC00D90CD5 /* Build configuration list for PBXNativeTarget "Otterator" */;
			buildPhases = (
				A4E6215D2C4123EA00D90CD5 /* Sources */,
				A4E6215E2C4123EA00D90CD5 /* Frameworks */,
				A4E6215F2C4123EA00D90CD5 /* Resources */,
			);
			buildRules = (
			);
			dependencies = (
			);
			name = Otterator;
			productName = Otterator;
			productReference = A4E621612C4123EA00D90CD5 /* Otterator.app */;
			productType = "com.apple.product-type.application";
		};
		A4E621722C4123EC00D90CD5 /* OtteratorTests */ = {
			isa = PBXNativeTarget;
			buildConfigurationList = A4E6218A2C4123EC00D90CD5 /* Build configuration list for PBXNativeTarget "OtteratorTests" */;
			buildPhases = (
				A4E6216F2C4123EC00D90CD5 /* Sources */,
				A4E621702C4123EC00D90CD5 /* Frameworks */,
				A4E621712C4123EC00D90CD5 /* Resources */,
			);
			buildRules = (
			);
			dependencies = (
				A4E621752C4123EC00D90CD5 /* PBXTargetDependency */,
			);
			name = OtteratorTests;
			productName = OtteratorTests;
			productReference = A4E621732C4123EC00D90CD5 /* OtteratorTests.xctest */;
			productType = "com.apple.product-type.bundle.unit-test";
		};
		A4E6217C2C4123EC00D90CD5 /* OtteratorUITests */ = {
			isa = PBXNativeTarget;
			buildConfigurationList = A4E6218D2C4123EC00D90CD5 /* Build configuration list for PBXNativeTarget "OtteratorUITests" */;
			buildPhases = (
				A4E621792C4123EC00D90CD5 /* Sources */,
				A4E6217A2C4123EC00D90CD5 /* Frameworks */,
				A4E6217B2C4123EC00D90CD5 /* Resources */,
			);
			buildRules = (
			);
			dependencies = (
				A4E6217F2C4123EC00D90CD5 /* PBXTargetDependency */,
			);
			name = OtteratorUITests;
			productName = OtteratorUITests;
			productReference = A4E6217D2C4123EC00D90CD5 /* OtteratorUITests.xctest */;
			productType = "com.apple.product-type.bundle.ui-testing";
		};
/* End PBXNativeTarget section */

/* Begin PBXProject section */
		A4E621592C4123EA00D90CD5 /* Project object */ = {
			isa = PBXProject;
			attributes = {
				BuildIndependentTargetsInParallel = 1;
				LastSwiftUpdateCheck = 1530;
				LastUpgradeCheck = 1530;
				TargetAttributes = {
					A4E621602C4123EA00D90CD5 = {
						CreatedOnToolsVersion = 15.3;
					};
					A4E621722C4123EC00D90CD5 = {
						CreatedOnToolsVersion = 15.3;
						TestTargetID = A4E621602C4123EA00D90CD5;
					};
					A4E6217C2C4123EC00D90CD5 = {
						CreatedOnToolsVersion = 15.3;
						TestTargetID = A4E621602C4123EA00D90CD5;
					};
				};
			};
			buildConfigurationList = A4E6215C2C4123EA00D90CD5 /* Build configuration list for PBXProject "Otterator" */;
			compatibilityVersion = "Xcode 14.0";
			developmentRegion = en;
			hasScannedForEncodings = 0;
			knownRegions = (
				en,
				Base,
			);
			mainGroup = A4E621582C4123EA00D90CD5;
			productRefGroup = A4E621622C4123EA00D90CD5 /* Products */;
			projectDirPath = "";
			projectRoot = "";
			targets = (
				A4E621602C4123EA00D90CD5 /* Otterator */,
				A4E621722C4123EC00D90CD5 /* OtteratorTests */,
				A4E6217C2C4123EC00D90CD5 /* OtteratorUITests */,
			);
		};
/* End PBXProject section */

/* Begin PBXResourcesBuildPhase section */
		A4E6215F2C4123EA00D90CD5 /* Resources */ = {
			isa = PBXResourcesBuildPhase;
			buildActionMask = 2147483647;
			files = (
				EE4209D72C47B9110087E6E7 /* CustomLMData.bin in Resources */,
				A4E6216E2C4123EC00D90CD5 /* Preview Assets.xcassets in Resources */,
				A4F1EC532C45215800A633CA /* hello.m4a in Resources */,
				A4F1EC4A2C4249DF00A633CA /* PlaypenSans-VariableFont_wght.ttf in Resources */,
				A4E6216B2C4123EC00D90CD5 /* Assets.xcassets in Resources */,
			);
			runOnlyForDeploymentPostprocessing = 0;
		};
		A4E621712C4123EC00D90CD5 /* Resources */ = {
			isa = PBXResourcesBuildPhase;
			buildActionMask = 2147483647;
			files = (
			);
			runOnlyForDeploymentPostprocessing = 0;
		};
		A4E6217B2C4123EC00D90CD5 /* Resources */ = {
			isa = PBXResourcesBuildPhase;
			buildActionMask = 2147483647;
			files = (
			);
			runOnlyForDeploymentPostprocessing = 0;
		};
/* End PBXResourcesBuildPhase section */

/* Begin PBXSourcesBuildPhase section */
		A4E6215D2C4123EA00D90CD5 /* Sources */ = {
			isa = PBXSourcesBuildPhase;
			buildActionMask = 2147483647;
			files = (
				EEB8D1152C42816B0025FAE6 /* RecordModal.swift in Sources */,
				A4F1EC5C2C48EFC600A633CA /* EditContentView.swift in Sources */,
				C8F33CE12C492188003F6C3B /* TipsAndTricks.swift in Sources */,
				A4E621672C4123EA00D90CD5 /* ContentView.swift in Sources */,
				EEA3EDB52C468FCF008EE13D /* SwiftUIView.swift in Sources */,
				EE47A18A2C4922B40042D10D /* AudioRecorder.swift in Sources */,
				EEB8D10D2C412CD00025FAE6 /* WordTranscript.swift in Sources */,
				EEB8D1132C4138010025FAE6 /* RecordingView.swift in Sources */,
				A4F1EC632C491CE000A633CA /* CardBackground.swift in Sources */,
				A4F1EC342C422F9E00A633CA /* CustomTranscript.swift in Sources */,
				EEB8D1112C4136A10025FAE6 /* Record.swift in Sources */,
				A4F1EC622C491CE000A633CA /* CircleButtonBackground.swift in Sources */,
				A4F1EC512C42AC9D00A633CA /* TranscriptContentView.swift in Sources */,
				A4E621692C4123EA00D90CD5 /* Item.swift in Sources */,
				A4F1EC562C452D6C00A633CA /* TranscriptViewModel.swift in Sources */,
				A4F1EC2F2C41386800A633CA /* TranscriptView.swift in Sources */,
				A4F1EC662C491D1700A633CA /* SummaryView.swift in Sources */,
				C8416D142C522C410003CCC7 /* ChoiceView.swift in Sources */,
				EE47A1882C49228C0042D10D /* AudioRecorder+SaveData.swift in Sources */,
				A4F1EC322C42289700A633CA /* CustomProgressView.swift in Sources */,
				A4F1EC642C491CE000A633CA /* SummaryCard.swift in Sources */,
				A4F1EC5E2C48FA3900A633CA /* EditModalView.swift in Sources */,
				A4E621652C4123EA00D90CD5 /* OtteratorApp.swift in Sources */,
				A4F1EC4D2C42519600A633CA /* Color.swift in Sources */,
				C8416D122C50B3470003CCC7 /* CustomSegmentedControl.swift in Sources */,
				C8F33CDF2C492063003F6C3B /* PlaypenSansFont.swift in Sources */,
				A4F1EC582C4667B800A633CA /* GradientText.swift in Sources */,
				A4F1EC4F2C42739600A633CA /* InformationModalView.swift in Sources */,
			);
			runOnlyForDeploymentPostprocessing = 0;
		};
		A4E6216F2C4123EC00D90CD5 /* Sources */ = {
			isa = PBXSourcesBuildPhase;
			buildActionMask = 2147483647;
			files = (
				A4E621782C4123EC00D90CD5 /* OtteratorTests.swift in Sources */,
			);
			runOnlyForDeploymentPostprocessing = 0;
		};
		A4E621792C4123EC00D90CD5 /* Sources */ = {
			isa = PBXSourcesBuildPhase;
			buildActionMask = 2147483647;
			files = (
				A4E621822C4123EC00D90CD5 /* OtteratorUITests.swift in Sources */,
				A4E621842C4123EC00D90CD5 /* OtteratorUITestsLaunchTests.swift in Sources */,
			);
			runOnlyForDeploymentPostprocessing = 0;
		};
/* End PBXSourcesBuildPhase section */

/* Begin PBXTargetDependency section */
		A4E621752C4123EC00D90CD5 /* PBXTargetDependency */ = {
			isa = PBXTargetDependency;
			target = A4E621602C4123EA00D90CD5 /* Otterator */;
			targetProxy = A4E621742C4123EC00D90CD5 /* PBXContainerItemProxy */;
		};
		A4E6217F2C4123EC00D90CD5 /* PBXTargetDependency */ = {
			isa = PBXTargetDependency;
			target = A4E621602C4123EA00D90CD5 /* Otterator */;
			targetProxy = A4E6217E2C4123EC00D90CD5 /* PBXContainerItemProxy */;
		};
/* End PBXTargetDependency section */

/* Begin XCBuildConfiguration section */
		A4E621852C4123EC00D90CD5 /* Debug */ = {
			isa = XCBuildConfiguration;
			buildSettings = {
				ALWAYS_SEARCH_USER_PATHS = NO;
				ASSETCATALOG_COMPILER_GENERATE_SWIFT_ASSET_SYMBOL_EXTENSIONS = YES;
				CLANG_ANALYZER_NONNULL = YES;
				CLANG_ANALYZER_NUMBER_OBJECT_CONVERSION = YES_AGGRESSIVE;
				CLANG_CXX_LANGUAGE_STANDARD = "gnu++20";
				CLANG_ENABLE_MODULES = YES;
				CLANG_ENABLE_OBJC_ARC = YES;
				CLANG_ENABLE_OBJC_WEAK = YES;
				CLANG_WARN_BLOCK_CAPTURE_AUTORELEASING = YES;
				CLANG_WARN_BOOL_CONVERSION = YES;
				CLANG_WARN_COMMA = YES;
				CLANG_WARN_CONSTANT_CONVERSION = YES;
				CLANG_WARN_DEPRECATED_OBJC_IMPLEMENTATIONS = YES;
				CLANG_WARN_DIRECT_OBJC_ISA_USAGE = YES_ERROR;
				CLANG_WARN_DOCUMENTATION_COMMENTS = YES;
				CLANG_WARN_EMPTY_BODY = YES;
				CLANG_WARN_ENUM_CONVERSION = YES;
				CLANG_WARN_INFINITE_RECURSION = YES;
				CLANG_WARN_INT_CONVERSION = YES;
				CLANG_WARN_NON_LITERAL_NULL_CONVERSION = YES;
				CLANG_WARN_OBJC_IMPLICIT_RETAIN_SELF = YES;
				CLANG_WARN_OBJC_LITERAL_CONVERSION = YES;
				CLANG_WARN_OBJC_ROOT_CLASS = YES_ERROR;
				CLANG_WARN_QUOTED_INCLUDE_IN_FRAMEWORK_HEADER = YES;
				CLANG_WARN_RANGE_LOOP_ANALYSIS = YES;
				CLANG_WARN_STRICT_PROTOTYPES = YES;
				CLANG_WARN_SUSPICIOUS_MOVE = YES;
				CLANG_WARN_UNGUARDED_AVAILABILITY = YES_AGGRESSIVE;
				CLANG_WARN_UNREACHABLE_CODE = YES;
				CLANG_WARN__DUPLICATE_METHOD_MATCH = YES;
				COPY_PHASE_STRIP = NO;
				DEBUG_INFORMATION_FORMAT = dwarf;
				ENABLE_STRICT_OBJC_MSGSEND = YES;
				ENABLE_TESTABILITY = YES;
				ENABLE_USER_SCRIPT_SANDBOXING = YES;
				GCC_C_LANGUAGE_STANDARD = gnu17;
				GCC_DYNAMIC_NO_PIC = NO;
				GCC_NO_COMMON_BLOCKS = YES;
				GCC_OPTIMIZATION_LEVEL = 0;
				GCC_PREPROCESSOR_DEFINITIONS = (
					"DEBUG=1",
					"$(inherited)",
				);
				GCC_WARN_64_TO_32_BIT_CONVERSION = YES;
				GCC_WARN_ABOUT_RETURN_TYPE = YES_ERROR;
				GCC_WARN_UNDECLARED_SELECTOR = YES;
				GCC_WARN_UNINITIALIZED_AUTOS = YES_AGGRESSIVE;
				GCC_WARN_UNUSED_FUNCTION = YES;
				GCC_WARN_UNUSED_VARIABLE = YES;
				IPHONEOS_DEPLOYMENT_TARGET = 17.4;
				LOCALIZATION_PREFERS_STRING_CATALOGS = YES;
				MTL_ENABLE_DEBUG_INFO = INCLUDE_SOURCE;
				MTL_FAST_MATH = YES;
				ONLY_ACTIVE_ARCH = YES;
				SDKROOT = iphoneos;
				SWIFT_ACTIVE_COMPILATION_CONDITIONS = "DEBUG $(inherited)";
				SWIFT_OPTIMIZATION_LEVEL = "-Onone";
			};
			name = Debug;
		};
		A4E621862C4123EC00D90CD5 /* Release */ = {
			isa = XCBuildConfiguration;
			buildSettings = {
				ALWAYS_SEARCH_USER_PATHS = NO;
				ASSETCATALOG_COMPILER_GENERATE_SWIFT_ASSET_SYMBOL_EXTENSIONS = YES;
				CLANG_ANALYZER_NONNULL = YES;
				CLANG_ANALYZER_NUMBER_OBJECT_CONVERSION = YES_AGGRESSIVE;
				CLANG_CXX_LANGUAGE_STANDARD = "gnu++20";
				CLANG_ENABLE_MODULES = YES;
				CLANG_ENABLE_OBJC_ARC = YES;
				CLANG_ENABLE_OBJC_WEAK = YES;
				CLANG_WARN_BLOCK_CAPTURE_AUTORELEASING = YES;
				CLANG_WARN_BOOL_CONVERSION = YES;
				CLANG_WARN_COMMA = YES;
				CLANG_WARN_CONSTANT_CONVERSION = YES;
				CLANG_WARN_DEPRECATED_OBJC_IMPLEMENTATIONS = YES;
				CLANG_WARN_DIRECT_OBJC_ISA_USAGE = YES_ERROR;
				CLANG_WARN_DOCUMENTATION_COMMENTS = YES;
				CLANG_WARN_EMPTY_BODY = YES;
				CLANG_WARN_ENUM_CONVERSION = YES;
				CLANG_WARN_INFINITE_RECURSION = YES;
				CLANG_WARN_INT_CONVERSION = YES;
				CLANG_WARN_NON_LITERAL_NULL_CONVERSION = YES;
				CLANG_WARN_OBJC_IMPLICIT_RETAIN_SELF = YES;
				CLANG_WARN_OBJC_LITERAL_CONVERSION = YES;
				CLANG_WARN_OBJC_ROOT_CLASS = YES_ERROR;
				CLANG_WARN_QUOTED_INCLUDE_IN_FRAMEWORK_HEADER = YES;
				CLANG_WARN_RANGE_LOOP_ANALYSIS = YES;
				CLANG_WARN_STRICT_PROTOTYPES = YES;
				CLANG_WARN_SUSPICIOUS_MOVE = YES;
				CLANG_WARN_UNGUARDED_AVAILABILITY = YES_AGGRESSIVE;
				CLANG_WARN_UNREACHABLE_CODE = YES;
				CLANG_WARN__DUPLICATE_METHOD_MATCH = YES;
				COPY_PHASE_STRIP = NO;
				DEBUG_INFORMATION_FORMAT = "dwarf-with-dsym";
				ENABLE_NS_ASSERTIONS = NO;
				ENABLE_STRICT_OBJC_MSGSEND = YES;
				ENABLE_USER_SCRIPT_SANDBOXING = YES;
				GCC_C_LANGUAGE_STANDARD = gnu17;
				GCC_NO_COMMON_BLOCKS = YES;
				GCC_WARN_64_TO_32_BIT_CONVERSION = YES;
				GCC_WARN_ABOUT_RETURN_TYPE = YES_ERROR;
				GCC_WARN_UNDECLARED_SELECTOR = YES;
				GCC_WARN_UNINITIALIZED_AUTOS = YES_AGGRESSIVE;
				GCC_WARN_UNUSED_FUNCTION = YES;
				GCC_WARN_UNUSED_VARIABLE = YES;
				IPHONEOS_DEPLOYMENT_TARGET = 17.4;
				LOCALIZATION_PREFERS_STRING_CATALOGS = YES;
				MTL_ENABLE_DEBUG_INFO = NO;
				MTL_FAST_MATH = YES;
				SDKROOT = iphoneos;
				SWIFT_COMPILATION_MODE = wholemodule;
				VALIDATE_PRODUCT = YES;
			};
			name = Release;
		};
		A4E621882C4123EC00D90CD5 /* Debug */ = {
			isa = XCBuildConfiguration;
			buildSettings = {
				ASSETCATALOG_COMPILER_APPICON_NAME = AppIcon;
				ASSETCATALOG_COMPILER_GLOBAL_ACCENT_COLOR_NAME = AccentColor;
				CODE_SIGN_STYLE = Automatic;
				CURRENT_PROJECT_VERSION = 2;
				DEVELOPMENT_ASSET_PATHS = "\"Otterator/Preview Content\"";
				DEVELOPMENT_TEAM = V383GK4HDH;
				ENABLE_PREVIEWS = YES;
				GENERATE_INFOPLIST_FILE = YES;
				INFOPLIST_FILE = Otterator/Info.plist;
				INFOPLIST_KEY_CFBundleDisplayName = Otterator;
				INFOPLIST_KEY_LSApplicationCategoryType = "public.app-category.education";
				INFOPLIST_KEY_NSMicrophoneUsageDescription = "Access on microphone";
				INFOPLIST_KEY_NSSpeechRecognitionUsageDescription = "Access on speech recognition";
				INFOPLIST_KEY_UIApplicationSceneManifest_Generation = YES;
				INFOPLIST_KEY_UIApplicationSupportsIndirectInputEvents = YES;
				INFOPLIST_KEY_UILaunchScreen_Generation = YES;
				INFOPLIST_KEY_UIStatusBarStyle = "";
				INFOPLIST_KEY_UISupportedInterfaceOrientations = "UIInterfaceOrientationLandscapeLeft UIInterfaceOrientationLandscapeRight UIInterfaceOrientationPortrait";
				INFOPLIST_KEY_UISupportedInterfaceOrientations_iPad = UIInterfaceOrientationPortrait;
				LD_RUNPATH_SEARCH_PATHS = (
					"$(inherited)",
					"@executable_path/Frameworks",
				);
				MARKETING_VERSION = 1.0;
				PRODUCT_BUNDLE_IDENTIFIER = com.Otterator;
				PRODUCT_NAME = "$(TARGET_NAME)";
				SUPPORTED_PLATFORMS = "iphoneos iphonesimulator";
				SUPPORTS_MACCATALYST = NO;
				SUPPORTS_XR_DESIGNED_FOR_IPHONE_IPAD = NO;
				SWIFT_EMIT_LOC_STRINGS = YES;
				SWIFT_VERSION = 5.0;
				TARGETED_DEVICE_FAMILY = "1,2";
			};
			name = Debug;
		};
		A4E621892C4123EC00D90CD5 /* Release */ = {
			isa = XCBuildConfiguration;
			buildSettings = {
				ASSETCATALOG_COMPILER_APPICON_NAME = AppIcon;
				ASSETCATALOG_COMPILER_GLOBAL_ACCENT_COLOR_NAME = AccentColor;
				CODE_SIGN_STYLE = Automatic;
				CURRENT_PROJECT_VERSION = 2;
				DEVELOPMENT_ASSET_PATHS = "\"Otterator/Preview Content\"";
				DEVELOPMENT_TEAM = V383GK4HDH;
				ENABLE_PREVIEWS = YES;
				GENERATE_INFOPLIST_FILE = YES;
				INFOPLIST_FILE = Otterator/Info.plist;
				INFOPLIST_KEY_CFBundleDisplayName = Otterator;
				INFOPLIST_KEY_LSApplicationCategoryType = "public.app-category.education";
				INFOPLIST_KEY_NSMicrophoneUsageDescription = "Access on microphone";
				INFOPLIST_KEY_NSSpeechRecognitionUsageDescription = "Access on speech recognition";
				INFOPLIST_KEY_UIApplicationSceneManifest_Generation = YES;
				INFOPLIST_KEY_UIApplicationSupportsIndirectInputEvents = YES;
				INFOPLIST_KEY_UILaunchScreen_Generation = YES;
				INFOPLIST_KEY_UIStatusBarStyle = "";
				INFOPLIST_KEY_UISupportedInterfaceOrientations = "UIInterfaceOrientationLandscapeLeft UIInterfaceOrientationLandscapeRight UIInterfaceOrientationPortrait";
				INFOPLIST_KEY_UISupportedInterfaceOrientations_iPad = UIInterfaceOrientationPortrait;
				LD_RUNPATH_SEARCH_PATHS = (
					"$(inherited)",
					"@executable_path/Frameworks",
				);
				MARKETING_VERSION = 1.0;
				PRODUCT_BUNDLE_IDENTIFIER = com.Otterator;
				PRODUCT_NAME = "$(TARGET_NAME)";
				SUPPORTED_PLATFORMS = "iphoneos iphonesimulator";
				SUPPORTS_MACCATALYST = NO;
				SUPPORTS_XR_DESIGNED_FOR_IPHONE_IPAD = NO;
				SWIFT_EMIT_LOC_STRINGS = YES;
				SWIFT_VERSION = 5.0;
				TARGETED_DEVICE_FAMILY = "1,2";
			};
			name = Release;
		};
		A4E6218B2C4123EC00D90CD5 /* Debug */ = {
			isa = XCBuildConfiguration;
			buildSettings = {
				ALWAYS_EMBED_SWIFT_STANDARD_LIBRARIES = YES;
				BUNDLE_LOADER = "$(TEST_HOST)";
				CODE_SIGN_STYLE = Automatic;
				CURRENT_PROJECT_VERSION = 1;
				DEVELOPMENT_TEAM = Y834K368F4;
				GENERATE_INFOPLIST_FILE = YES;
				IPHONEOS_DEPLOYMENT_TARGET = 17.4;
				MARKETING_VERSION = 1.0;
				PRODUCT_BUNDLE_IDENTIFIER = com.OtteratorTests;
				PRODUCT_NAME = "$(TARGET_NAME)";
				SWIFT_EMIT_LOC_STRINGS = NO;
				SWIFT_VERSION = 5.0;
				TARGETED_DEVICE_FAMILY = "1,2";
				TEST_HOST = "$(BUILT_PRODUCTS_DIR)/Otterator.app/$(BUNDLE_EXECUTABLE_FOLDER_PATH)/Otterator";
			};
			name = Debug;
		};
		A4E6218C2C4123EC00D90CD5 /* Release */ = {
			isa = XCBuildConfiguration;
			buildSettings = {
				ALWAYS_EMBED_SWIFT_STANDARD_LIBRARIES = YES;
				BUNDLE_LOADER = "$(TEST_HOST)";
				CODE_SIGN_STYLE = Automatic;
				CURRENT_PROJECT_VERSION = 1;
				DEVELOPMENT_TEAM = Y834K368F4;
				GENERATE_INFOPLIST_FILE = YES;
				IPHONEOS_DEPLOYMENT_TARGET = 17.4;
				MARKETING_VERSION = 1.0;
				PRODUCT_BUNDLE_IDENTIFIER = com.OtteratorTests;
				PRODUCT_NAME = "$(TARGET_NAME)";
				SWIFT_EMIT_LOC_STRINGS = NO;
				SWIFT_VERSION = 5.0;
				TARGETED_DEVICE_FAMILY = "1,2";
				TEST_HOST = "$(BUILT_PRODUCTS_DIR)/Otterator.app/$(BUNDLE_EXECUTABLE_FOLDER_PATH)/Otterator";
			};
			name = Release;
		};
		A4E6218E2C4123EC00D90CD5 /* Debug */ = {
			isa = XCBuildConfiguration;
			buildSettings = {
				ALWAYS_EMBED_SWIFT_STANDARD_LIBRARIES = YES;
				CODE_SIGN_STYLE = Automatic;
				CURRENT_PROJECT_VERSION = 1;
				DEVELOPMENT_TEAM = Y834K368F4;
				GENERATE_INFOPLIST_FILE = YES;
				MARKETING_VERSION = 1.0;
				PRODUCT_BUNDLE_IDENTIFIER = com.OtteratorUITests;
				PRODUCT_NAME = "$(TARGET_NAME)";
				SWIFT_EMIT_LOC_STRINGS = NO;
				SWIFT_VERSION = 5.0;
				TARGETED_DEVICE_FAMILY = "1,2";
				TEST_TARGET_NAME = Otterator;
			};
			name = Debug;
		};
		A4E6218F2C4123EC00D90CD5 /* Release */ = {
			isa = XCBuildConfiguration;
			buildSettings = {
				ALWAYS_EMBED_SWIFT_STANDARD_LIBRARIES = YES;
				CODE_SIGN_STYLE = Automatic;
				CURRENT_PROJECT_VERSION = 1;
				DEVELOPMENT_TEAM = Y834K368F4;
				GENERATE_INFOPLIST_FILE = YES;
				MARKETING_VERSION = 1.0;
				PRODUCT_BUNDLE_IDENTIFIER = com.OtteratorUITests;
				PRODUCT_NAME = "$(TARGET_NAME)";
				SWIFT_EMIT_LOC_STRINGS = NO;
				SWIFT_VERSION = 5.0;
				TARGETED_DEVICE_FAMILY = "1,2";
				TEST_TARGET_NAME = Otterator;
			};
			name = Release;
		};
/* End XCBuildConfiguration section */

/* Begin XCConfigurationList section */
		A4E6215C2C4123EA00D90CD5 /* Build configuration list for PBXProject "Otterator" */ = {
			isa = XCConfigurationList;
			buildConfigurations = (
				A4E621852C4123EC00D90CD5 /* Debug */,
				A4E621862C4123EC00D90CD5 /* Release */,
			);
			defaultConfigurationIsVisible = 0;
			defaultConfigurationName = Release;
		};
		A4E621872C4123EC00D90CD5 /* Build configuration list for PBXNativeTarget "Otterator" */ = {
			isa = XCConfigurationList;
			buildConfigurations = (
				A4E621882C4123EC00D90CD5 /* Debug */,
				A4E621892C4123EC00D90CD5 /* Release */,
			);
			defaultConfigurationIsVisible = 0;
			defaultConfigurationName = Release;
		};
		A4E6218A2C4123EC00D90CD5 /* Build configuration list for PBXNativeTarget "OtteratorTests" */ = {
			isa = XCConfigurationList;
			buildConfigurations = (
				A4E6218B2C4123EC00D90CD5 /* Debug */,
				A4E6218C2C4123EC00D90CD5 /* Release */,
			);
			defaultConfigurationIsVisible = 0;
			defaultConfigurationName = Release;
		};
		A4E6218D2C4123EC00D90CD5 /* Build configuration list for PBXNativeTarget "OtteratorUITests" */ = {
			isa = XCConfigurationList;
			buildConfigurations = (
				A4E6218E2C4123EC00D90CD5 /* Debug */,
				A4E6218F2C4123EC00D90CD5 /* Release */,
			);
			defaultConfigurationIsVisible = 0;
			defaultConfigurationName = Release;
		};
/* End XCConfigurationList section */
	};
	rootObject = A4E621592C4123EA00D90CD5 /* Project object */;
}
